<?xml version="1.0" encoding="utf-8"?>
<Project ToolsVersion="4.0" xmlns="http://schemas.microsoft.com/developer/msbuild/2003">
  <ItemGroup>
    <Filter Include="Source Files">
      <UniqueIdentifier>{4FC737F1-C7A5-4376-A066-2A32D752A2FF}</UniqueIdentifier>
      <Extensions>cpp;c;cc;cxx;def;odl;idl;hpj;bat;asm;asmx</Extensions>
    </Filter>
    <Filter Include="Header Files">
      <UniqueIdentifier>{93995380-89BD-4b04-88EB-625FBE52EBFB}</UniqueIdentifier>
      <Extensions>h;hpp;hxx;hm;inl;inc;xsd</Extensions>
    </Filter>
    <Filter Include="Header Files\Precompiled">
      <UniqueIdentifier>{acfae925-f9d1-4de3-87af-065a49f63d99}</UniqueIdentifier>
    </Filter>
  </ItemGroup>
  <ItemGroup>
    <ClCompile Include="clsidCompressor.cpp">
      <Filter>Source Files</Filter>
    </ClCompile>
    <ClCompile Include="consoleParser.cpp">
      <Filter>Source Files</Filter>
    </ClCompile>
    <ClCompile Include="dosdev.cpp">
      <Filter>Source Files</Filter>
    </ClCompile>
    <ClCompile Include="exec.cpp">
      <Filter>Source Files</Filter>
    </ClCompile>
    <ClCompile Include="fileData.cpp">
      <Filter>Source Files</Filter>
    </ClCompile>
    <ClCompile Include="filesScanner.cpp">
      <Filter>Source Files</Filter>
    </ClCompile>
    <ClCompile Include="FILTER.cpp">
      <Filter>Source Files</Filter>
    </ClCompile>
    <ClCompile Include="fpattern.cpp">
      <Filter>Source Files</Filter>
    </ClCompile>
    <ClCompile Include="globalOptions.cpp">
      <Filter>Source Files</Filter>
    </ClCompile>
    <ClCompile Include="link.cpp">
      <Filter>Source Files</Filter>
    </ClCompile>
    <ClCompile Include="linkResolve.cpp">
      <Filter>Source Files</Filter>
    </ClCompile>
    <ClCompile Include="logger.cpp">
      <Filter>Source Files</Filter>
    </ClCompile>
    <ClCompile Include="mainScanner.cpp">
      <Filter>Source Files</Filter>
    </ClCompile>
    <ClCompile Include="moveex.cpp">
      <Filter>Source Files</Filter>
    </ClCompile>
    <ClCompile Include="opstruct.cpp">
      <Filter>Source Files</Filter>
    </ClCompile>
    <ClCompile Include="processScanner.cpp">
      <Filter>Source Files</Filter>
    </ClCompile>
    <ClCompile Include="procListers.cpp">
      <Filter>Source Files</Filter>
    </ClCompile>
    <ClCompile Include="procManager.cpp">
      <Filter>Source Files</Filter>
    </ClCompile>
    <ClCompile Include="regex.cpp">
      <Filter>Source Files</Filter>
    </ClCompile>
    <ClCompile Include="regImport.cpp">
      <Filter>Source Files</Filter>
    </ClCompile>
    <ClCompile Include="registry.cpp">
      <Filter>Source Files</Filter>
    </ClCompile>
    <ClCompile Include="regscriptCompiler.cpp">
      <Filter>Source Files</Filter>
    </ClCompile>
    <ClCompile Include="rexport.cpp">
      <Filter>Source Files</Filter>
    </ClCompile>
    <ClCompile Include="serviceControl.cpp">
      <Filter>Source Files</Filter>
    </ClCompile>
    <ClCompile Include="timeoutThread.cpp">
      <Filter>Source Files</Filter>
    </ClCompile>
    <ClCompile Include="times.cpp">
      <Filter>Source Files</Filter>
    </ClCompile>
    <ClCompile Include="unzip.cpp">
      <Filter>Source Files</Filter>
    </ClCompile>
    <ClCompile Include="utility.cpp">
      <Filter>Source Files</Filter>
    </ClCompile>
    <ClCompile Include="uZip.cpp">
      <Filter>Source Files</Filter>
    </ClCompile>
    <ClCompile Include="vFind.cpp">
      <Filter>Source Files</Filter>
    </ClCompile>
    <ClCompile Include="volumeEnumerate.cpp">
      <Filter>Source Files</Filter>
    </ClCompile>
    <ClCompile Include="zip.cpp">
      <Filter>Source Files</Filter>
    </ClCompile>
    <ClCompile Include="zipIt.cpp">
      <Filter>Source Files</Filter>
    </ClCompile>
    <ClCompile Include="pch.cpp">
      <Filter>Header Files\Precompiled</Filter>
    </ClCompile>
    <ClCompile Include="reportComponents.cpp">
      <Filter>Source Files</Filter>
    </ClCompile>
    <ClCompile Include="reportAssembler.cpp">
      <Filter>Source Files</Filter>
    </ClCompile>
  </ItemGroup>
  <ItemGroup>
    <ClInclude Include="clsidCompressor.h">
      <Filter>Header Files</Filter>
    </ClInclude>
    <ClInclude Include="consoleParser.h">
      <Filter>Header Files</Filter>
    </ClInclude>
    <ClInclude Include="criterion.h">
      <Filter>Header Files</Filter>
    </ClInclude>
    <ClInclude Include="dosdev.h">
      <Filter>Header Files</Filter>
    </ClInclude>
    <ClInclude Include="exec.h">
      <Filter>Header Files</Filter>
    </ClInclude>
    <ClInclude Include="fileData.h">
      <Filter>Header Files</Filter>
    </ClInclude>
    <ClInclude Include="filesScanner.h">
      <Filter>Header Files</Filter>
    </ClInclude>
    <ClInclude Include="FILTER.h">
      <Filter>Header Files</Filter>
    </ClInclude>
    <ClInclude Include="fpattern.h">
      <Filter>Header Files</Filter>
    </ClInclude>
    <ClInclude Include="globalOptions.h">
      <Filter>Header Files</Filter>
    </ClInclude>
    <ClInclude Include="link.h">
      <Filter>Header Files</Filter>
    </ClInclude>
    <ClInclude Include="linkResolve.h">
      <Filter>Header Files</Filter>
    </ClInclude>
    <ClInclude Include="logger.h">
      <Filter>Header Files</Filter>
    </ClInclude>
    <ClInclude Include="mainScanner.h">
      <Filter>Header Files</Filter>
    </ClInclude>
    <ClInclude Include="moveex.h">
      <Filter>Header Files</Filter>
    </ClInclude>
    <ClInclude Include="OPSTRUCT.h">
      <Filter>Header Files</Filter>
    </ClInclude>
    <ClInclude Include="processManager.h">
      <Filter>Header Files</Filter>
    </ClInclude>
    <ClInclude Include="processScanner.h">
      <Filter>Header Files</Filter>
    </ClInclude>
    <ClInclude Include="procListers.h">
      <Filter>Header Files</Filter>
    </ClInclude>
    <ClInclude Include="regex.h">
      <Filter>Header Files</Filter>
    </ClInclude>
    <ClInclude Include="regImport.h">
      <Filter>Header Files</Filter>
    </ClInclude>
    <ClInclude Include="registry.h">
      <Filter>Header Files</Filter>
    </ClInclude>
    <ClInclude Include="regscriptCompiler.h">
      <Filter>Header Files</Filter>
    </ClInclude>
    <ClInclude Include="rexport.h">
      <Filter>Header Files</Filter>
    </ClInclude>
    <ClInclude Include="serviceControl.h">
      <Filter>Header Files</Filter>
    </ClInclude>
    <ClInclude Include="timeoutThread.h">
      <Filter>Header Files</Filter>
    </ClInclude>
    <ClInclude Include="times.h">
      <Filter>Header Files</Filter>
    </ClInclude>
    <ClInclude Include="unzip.h">
      <Filter>Header Files</Filter>
    </ClInclude>
    <ClInclude Include="utility.h">
      <Filter>Header Files</Filter>
    </ClInclude>
    <ClInclude Include="uZip.h">
      <Filter>Header Files</Filter>
    </ClInclude>
    <ClInclude Include="vFind.h">
      <Filter>Header Files</Filter>
    </ClInclude>
    <ClInclude Include="volumeEnumerate.h">
      <Filter>Header Files</Filter>
    </ClInclude>
    <ClInclude Include="zip.h">
      <Filter>Header Files</Filter>
    </ClInclude>
    <ClInclude Include="zipIt.h">
      <Filter>Header Files</Filter>
    </ClInclude>
    <ClInclude Include="wait.hpp">
      <Filter>Header Files</Filter>
    </ClInclude>
    <ClInclude Include="pch.hpp">
      <Filter>Header Files\Precompiled</Filter>
    </ClInclude>
    <ClInclude Include="Version.hpp">
      <Filter>Source Files</Filter>
    </ClInclude>
    <ClInclude Include="reportAssembler.hpp">
      <Filter>Source Files</Filter>
    </ClInclude>
    <ClInclude Include="reportComponents.hpp">
      <Filter>Source Files</Filter>
    </ClInclude>
  </ItemGroup>
</Project>