<?xml version="1.0" encoding="utf-8"?>
<Project ToolsVersion="4.0" xmlns="http://schemas.microsoft.com/developer/msbuild/2003">
  <ItemGroup>
    <Filter Include="Precompiled">
      <UniqueIdentifier>{acfae925-f9d1-4de3-87af-065a49f63d99}</UniqueIdentifier>
    </Filter>
  </ItemGroup>
  <ItemGroup>
    <ClCompile Include="pch.cpp">
      <Filter>Precompiled</Filter>
    </ClCompile>
    <ClCompile Include="clsidCompressor.cpp" />
    <ClCompile Include="consoleParser.cpp" />
    <ClCompile Include="dosdev.cpp" />
    <ClCompile Include="exec.cpp" />
    <ClCompile Include="ExpressionParser.cpp" />
    <ClCompile Include="fileData.cpp" />
    <ClCompile Include="filesScanner.cpp" />
    <ClCompile Include="FILTER.cpp" />
    <ClCompile Include="fpattern.cpp" />
    <ClCompile Include="globalOptions.cpp" />
    <ClCompile Include="link.cpp" />
    <ClCompile Include="linkResolve.cpp" />
    <ClCompile Include="logger.cpp" />
    <ClCompile Include="Logic.cpp" />
    <ClCompile Include="mainScanner.cpp" />
    <ClCompile Include="moveex.cpp" />
    <ClCompile Include="opstruct.cpp" />
    <ClCompile Include="processScanner.cpp" />
    <ClCompile Include="procListers.cpp" />
    <ClCompile Include="regex.cpp" />
    <ClCompile Include="regImport.cpp" />
    <ClCompile Include="registry.cpp" />
    <ClCompile Include="regscriptCompiler.cpp" />
    <ClCompile Include="rexport.cpp" />
    <ClCompile Include="serviceControl.cpp" />
    <ClCompile Include="timeoutThread.cpp" />
    <ClCompile Include="times.cpp" />
    <ClCompile Include="unzip.cpp" />
    <ClCompile Include="utility.cpp" />
    <ClCompile Include="uZip.cpp" />
    <ClCompile Include="vFind.cpp" />
    <ClCompile Include="volumeEnumerate.cpp" />
    <ClCompile Include="zip.cpp" />
    <ClCompile Include="zipIt.cpp" />
    <ClCompile Include="FileInformationBlock.cpp" />
  </ItemGroup>
  <ItemGroup>
    <ClInclude Include="pch.hpp">
      <Filter>Precompiled</Filter>
    </ClInclude>
    <ClInclude Include="zipIt.h" />
    <ClInclude Include="clsidCompressor.h" />
    <ClInclude Include="consoleParser.h" />
    <ClInclude Include="criterion.h" />
    <ClInclude Include="dosdev.h" />
    <ClInclude Include="exec.h" />
    <ClInclude Include="ExpressionParser.hpp" />
    <ClInclude Include="fileData.h" />
    <ClInclude Include="filesScanner.h" />
    <ClInclude Include="FILTER.h" />
    <ClInclude Include="fpattern.h" />
    <ClInclude Include="globalOptions.h" />
    <ClInclude Include="link.h" />
    <ClInclude Include="linkResolve.h" />
    <ClInclude Include="logger.h" />
    <ClInclude Include="Logic.hpp" />
    <ClInclude Include="mainScanner.h" />
    <ClInclude Include="moveex.h" />
    <ClInclude Include="OPSTRUCT.h" />
    <ClInclude Include="processScanner.h" />
    <ClInclude Include="procListers.h" />
    <ClInclude Include="regex.h" />
    <ClInclude Include="regImport.h" />
    <ClInclude Include="registry.h" />
    <ClInclude Include="regscriptCompiler.h" />
    <ClInclude Include="rexport.h" />
    <ClInclude Include="serviceControl.h" />
    <ClInclude Include="timeoutThread.h" />
    <ClInclude Include="times.h" />
    <ClInclude Include="unzip.h" />
    <ClInclude Include="utility.h" />
    <ClInclude Include="uZip.h" />
    <ClInclude Include="vFind.h" />
    <ClInclude Include="volumeEnumerate.h" />
    <ClInclude Include="wait.hpp" />
    <ClInclude Include="zip.h" />
    <ClInclude Include="FileInformationBlocks.hpp" />
  </ItemGroup>
</Project>